
Microsoft Visual Studio Solution File, Format Version 12.00
# Visual Studio Version 17
VisualStudioVersion = 17.5.33627.172
MinimumVisualStudioVersion = 10.0.40219.1
Project("{2150E333-8FDC-42A3-9474-1A3956D46DE8}") = "AssetManagement", "AssetManagement", "{40555CB9-1B0A-47BB-B52C-EF61883815A6}"
EndProject
Project("{9A19103F-16F7-4668-BE54-9A1E7A4F7556}") = "AssetService", "AssetService\AssetService.csproj", "{A32ABEC1-CD55-410C-A0A2-E64D87DB0D0D}"
EndProject
Project("{2150E333-8FDC-42A3-9474-1A3956D46DE8}") = "Shared", "Shared", "{6FFA5FF2-305C-43C4-8A70-0F33714CF312}"
EndProject
Project("{9A19103F-16F7-4668-BE54-9A1E7A4F7556}") = "Shared", "Shared\Shared.csproj", "{DC80F2BA-0748-4AEC-A052-5E3F5E8DFCC0}"
EndProject
Project("{9A19103F-16F7-4668-BE54-9A1E7A4F7556}") = "AssetRepository", "AssetRepository\AssetRepository.csproj", "{17F7A5DA-E69D-4F42-809E-596D9D3B1B0B}"
EndProject
Project("{00D1A9C2-B5F0-4AF3-8072-F6C62B433612}") = "Scripts", "Scripts\Scripts.sqlproj", "{3AD06CB4-907B-46DE-92FA-CFECF48DD840}"
EndProject
Project("{2150E333-8FDC-42A3-9474-1A3956D46DE8}") = "InvoiceManagement", "InvoiceManagement", "{0998310E-8CB3-49CB-90F4-4F824DCA5FF5}"
EndProject
Project("{9A19103F-16F7-4668-BE54-9A1E7A4F7556}") = "InvoiceService", "InvoiceService\InvoiceService.csproj", "{465FC38A-9BC7-4384-B0A6-F97E1CCF80A7}"
EndProject
Project("{9A19103F-16F7-4668-BE54-9A1E7A4F7556}") = "InvoiceRepository", "InvoiceRepository\InvoiceRepository.csproj", "{B1D358DF-C8BD-486F-AA7E-EAA26CF0A6EC}"
EndProject
Project("{2150E333-8FDC-42A3-9474-1A3956D46DE8}") = "InvoiceGenerator", "InvoiceGenerator", "{4516ECA8-35AB-4669-BD17-48AFD43E78B7}"
EndProject
Project("{9A19103F-16F7-4668-BE54-9A1E7A4F7556}") = "InvoiceGeneratorService", "InvoiceGeneratorService\InvoiceGeneratorService.csproj", "{67EEE478-5112-46CD-893A-1B519B86D4AD}"
EndProject
Project("{9A19103F-16F7-4668-BE54-9A1E7A4F7556}") = "InvoiceAPI", "InvoiceAPI\InvoiceAPI.csproj", "{F6C21CA7-FB3C-4993-B6E9-78F27A1842D8}"
EndProject
Project("{9A19103F-16F7-4668-BE54-9A1E7A4F7556}") = "AssetAPI", "AssetAPI\AssetAPI.csproj", "{DF585D51-3FF1-4762-8416-341E86BFDFDF}"
EndProject
Project("{9A19103F-16F7-4668-BE54-9A1E7A4F7556}") = "InvoiceGeneratorAPI", "InvoiceGeneratorAPI\InvoiceGeneratorAPI.csproj", "{AFDDBA98-F4FA-42B6-8DD7-A4A6E5D45FB5}"
EndProject
Project("{54A90642-561A-4BB1-A94E-469ADEE60C69}") = "portal", "Portal\portal.esproj", "{D75CF4C3-CEE8-46F0-9CD7-AB4F609C4C64}"
EndProject
Project("{E53339B2-1760-4266-BCC7-CA923CBCF16C}") = "docker-compose", "docker-compose.dcproj", "{1A36A6F3-2412-4F5F-9F98-9D8CF368E2AF}"
EndProject
Project("{9A19103F-16F7-4668-BE54-9A1E7A4F7556}") = "Asset.Tests", "Asset.Tests\Asset.Tests.csproj", "{B97776C8-3BD4-4215-92DD-5EC1A666966A}"
EndProject
Project("{9A19103F-16F7-4668-BE54-9A1E7A4F7556}") = "Invoice.Tests", "Invoice.Tests\Invoice.Tests.csproj", "{4532CB58-9513-4A8D-8EE4-683085FB7B3A}"
EndProject
Project("{2150E333-8FDC-42A3-9474-1A3956D46DE8}") = "Solution Items", "Solution Items", "{F8E4F5C3-8BBB-4014-BA17-4DFBFC2941EC}"
	ProjectSection(SolutionItems) = preProject
		README.md = README.md
	EndProjectSection
EndProject
Global
	GlobalSection(SolutionConfigurationPlatforms) = preSolution
		Debug|Any CPU = Debug|Any CPU
		Release|Any CPU = Release|Any CPU
		Staging|Any CPU = Staging|Any CPU
	EndGlobalSection
	GlobalSection(ProjectConfigurationPlatforms) = postSolution
		{A32ABEC1-CD55-410C-A0A2-E64D87DB0D0D}.Debug|Any CPU.ActiveCfg = Debug|Any CPU
		{A32ABEC1-CD55-410C-A0A2-E64D87DB0D0D}.Debug|Any CPU.Build.0 = Debug|Any CPU
		{A32ABEC1-CD55-410C-A0A2-E64D87DB0D0D}.Release|Any CPU.ActiveCfg = Release|Any CPU
		{A32ABEC1-CD55-410C-A0A2-E64D87DB0D0D}.Release|Any CPU.Build.0 = Release|Any CPU
		{A32ABEC1-CD55-410C-A0A2-E64D87DB0D0D}.Staging|Any CPU.ActiveCfg = Staging|Any CPU
		{A32ABEC1-CD55-410C-A0A2-E64D87DB0D0D}.Staging|Any CPU.Build.0 = Staging|Any CPU
		{DC80F2BA-0748-4AEC-A052-5E3F5E8DFCC0}.Debug|Any CPU.ActiveCfg = Debug|Any CPU
		{DC80F2BA-0748-4AEC-A052-5E3F5E8DFCC0}.Debug|Any CPU.Build.0 = Debug|Any CPU
		{DC80F2BA-0748-4AEC-A052-5E3F5E8DFCC0}.Release|Any CPU.ActiveCfg = Release|Any CPU
		{DC80F2BA-0748-4AEC-A052-5E3F5E8DFCC0}.Release|Any CPU.Build.0 = Release|Any CPU
		{DC80F2BA-0748-4AEC-A052-5E3F5E8DFCC0}.Staging|Any CPU.ActiveCfg = Staging|Any CPU
		{DC80F2BA-0748-4AEC-A052-5E3F5E8DFCC0}.Staging|Any CPU.Build.0 = Staging|Any CPU
		{17F7A5DA-E69D-4F42-809E-596D9D3B1B0B}.Debug|Any CPU.ActiveCfg = Debug|Any CPU
		{17F7A5DA-E69D-4F42-809E-596D9D3B1B0B}.Debug|Any CPU.Build.0 = Debug|Any CPU
		{17F7A5DA-E69D-4F42-809E-596D9D3B1B0B}.Release|Any CPU.ActiveCfg = Release|Any CPU
		{17F7A5DA-E69D-4F42-809E-596D9D3B1B0B}.Release|Any CPU.Build.0 = Release|Any CPU
		{17F7A5DA-E69D-4F42-809E-596D9D3B1B0B}.Staging|Any CPU.ActiveCfg = Staging|Any CPU
		{17F7A5DA-E69D-4F42-809E-596D9D3B1B0B}.Staging|Any CPU.Build.0 = Staging|Any CPU
		{3AD06CB4-907B-46DE-92FA-CFECF48DD840}.Debug|Any CPU.ActiveCfg = Debug|Any CPU
		{3AD06CB4-907B-46DE-92FA-CFECF48DD840}.Debug|Any CPU.Build.0 = Debug|Any CPU
		{3AD06CB4-907B-46DE-92FA-CFECF48DD840}.Debug|Any CPU.Deploy.0 = Debug|Any CPU
		{3AD06CB4-907B-46DE-92FA-CFECF48DD840}.Release|Any CPU.ActiveCfg = Release|Any CPU
		{3AD06CB4-907B-46DE-92FA-CFECF48DD840}.Release|Any CPU.Build.0 = Release|Any CPU
		{3AD06CB4-907B-46DE-92FA-CFECF48DD840}.Release|Any CPU.Deploy.0 = Release|Any CPU
		{3AD06CB4-907B-46DE-92FA-CFECF48DD840}.Staging|Any CPU.ActiveCfg = Staging|Any CPU
		{3AD06CB4-907B-46DE-92FA-CFECF48DD840}.Staging|Any CPU.Build.0 = Staging|Any CPU
		{3AD06CB4-907B-46DE-92FA-CFECF48DD840}.Staging|Any CPU.Deploy.0 = Staging|Any CPU
		{465FC38A-9BC7-4384-B0A6-F97E1CCF80A7}.Debug|Any CPU.ActiveCfg = Debug|Any CPU
		{465FC38A-9BC7-4384-B0A6-F97E1CCF80A7}.Debug|Any CPU.Build.0 = Debug|Any CPU
		{465FC38A-9BC7-4384-B0A6-F97E1CCF80A7}.Release|Any CPU.ActiveCfg = Release|Any CPU
		{465FC38A-9BC7-4384-B0A6-F97E1CCF80A7}.Release|Any CPU.Build.0 = Release|Any CPU
		{465FC38A-9BC7-4384-B0A6-F97E1CCF80A7}.Staging|Any CPU.ActiveCfg = Staging|Any CPU
		{465FC38A-9BC7-4384-B0A6-F97E1CCF80A7}.Staging|Any CPU.Build.0 = Staging|Any CPU
		{B1D358DF-C8BD-486F-AA7E-EAA26CF0A6EC}.Debug|Any CPU.ActiveCfg = Debug|Any CPU
		{B1D358DF-C8BD-486F-AA7E-EAA26CF0A6EC}.Debug|Any CPU.Build.0 = Debug|Any CPU
		{B1D358DF-C8BD-486F-AA7E-EAA26CF0A6EC}.Release|Any CPU.ActiveCfg = Release|Any CPU
		{B1D358DF-C8BD-486F-AA7E-EAA26CF0A6EC}.Release|Any CPU.Build.0 = Release|Any CPU
		{B1D358DF-C8BD-486F-AA7E-EAA26CF0A6EC}.Staging|Any CPU.ActiveCfg = Staging|Any CPU
		{B1D358DF-C8BD-486F-AA7E-EAA26CF0A6EC}.Staging|Any CPU.Build.0 = Staging|Any CPU
		{67EEE478-5112-46CD-893A-1B519B86D4AD}.Debug|Any CPU.ActiveCfg = Debug|Any CPU
		{67EEE478-5112-46CD-893A-1B519B86D4AD}.Debug|Any CPU.Build.0 = Debug|Any CPU
		{67EEE478-5112-46CD-893A-1B519B86D4AD}.Release|Any CPU.ActiveCfg = Release|Any CPU
		{67EEE478-5112-46CD-893A-1B519B86D4AD}.Release|Any CPU.Build.0 = Release|Any CPU
		{67EEE478-5112-46CD-893A-1B519B86D4AD}.Staging|Any CPU.ActiveCfg = Staging|Any CPU
		{67EEE478-5112-46CD-893A-1B519B86D4AD}.Staging|Any CPU.Build.0 = Staging|Any CPU
		{F6C21CA7-FB3C-4993-B6E9-78F27A1842D8}.Debug|Any CPU.ActiveCfg = Debug|Any CPU
		{F6C21CA7-FB3C-4993-B6E9-78F27A1842D8}.Debug|Any CPU.Build.0 = Debug|Any CPU
		{F6C21CA7-FB3C-4993-B6E9-78F27A1842D8}.Release|Any CPU.ActiveCfg = Release|Any CPU
		{F6C21CA7-FB3C-4993-B6E9-78F27A1842D8}.Release|Any CPU.Build.0 = Release|Any CPU
		{F6C21CA7-FB3C-4993-B6E9-78F27A1842D8}.Staging|Any CPU.ActiveCfg = Staging|Any CPU
		{F6C21CA7-FB3C-4993-B6E9-78F27A1842D8}.Staging|Any CPU.Build.0 = Staging|Any CPU
		{DF585D51-3FF1-4762-8416-341E86BFDFDF}.Debug|Any CPU.ActiveCfg = Debug|Any CPU
		{DF585D51-3FF1-4762-8416-341E86BFDFDF}.Debug|Any CPU.Build.0 = Debug|Any CPU
		{DF585D51-3FF1-4762-8416-341E86BFDFDF}.Release|Any CPU.ActiveCfg = Release|Any CPU
		{DF585D51-3FF1-4762-8416-341E86BFDFDF}.Release|Any CPU.Build.0 = Release|Any CPU
		{DF585D51-3FF1-4762-8416-341E86BFDFDF}.Staging|Any CPU.ActiveCfg = Staging|Any CPU
		{DF585D51-3FF1-4762-8416-341E86BFDFDF}.Staging|Any CPU.Build.0 = Staging|Any CPU
		{AFDDBA98-F4FA-42B6-8DD7-A4A6E5D45FB5}.Debug|Any CPU.ActiveCfg = Debug|Any CPU
		{AFDDBA98-F4FA-42B6-8DD7-A4A6E5D45FB5}.Debug|Any CPU.Build.0 = Debug|Any CPU
		{AFDDBA98-F4FA-42B6-8DD7-A4A6E5D45FB5}.Release|Any CPU.ActiveCfg = Release|Any CPU
		{AFDDBA98-F4FA-42B6-8DD7-A4A6E5D45FB5}.Release|Any CPU.Build.0 = Release|Any CPU
		{AFDDBA98-F4FA-42B6-8DD7-A4A6E5D45FB5}.Staging|Any CPU.ActiveCfg = Staging|Any CPU
		{AFDDBA98-F4FA-42B6-8DD7-A4A6E5D45FB5}.Staging|Any CPU.Build.0 = Staging|Any CPU
		{D75CF4C3-CEE8-46F0-9CD7-AB4F609C4C64}.Debug|Any CPU.ActiveCfg = Debug|Any CPU
		{D75CF4C3-CEE8-46F0-9CD7-AB4F609C4C64}.Debug|Any CPU.Build.0 = Debug|Any CPU
		{D75CF4C3-CEE8-46F0-9CD7-AB4F609C4C64}.Debug|Any CPU.Deploy.0 = Debug|Any CPU
		{D75CF4C3-CEE8-46F0-9CD7-AB4F609C4C64}.Release|Any CPU.ActiveCfg = Release|Any CPU
		{D75CF4C3-CEE8-46F0-9CD7-AB4F609C4C64}.Release|Any CPU.Build.0 = Release|Any CPU
		{D75CF4C3-CEE8-46F0-9CD7-AB4F609C4C64}.Release|Any CPU.Deploy.0 = Release|Any CPU
		{D75CF4C3-CEE8-46F0-9CD7-AB4F609C4C64}.Staging|Any CPU.ActiveCfg = Staging|Any CPU
		{D75CF4C3-CEE8-46F0-9CD7-AB4F609C4C64}.Staging|Any CPU.Build.0 = Staging|Any CPU
		{D75CF4C3-CEE8-46F0-9CD7-AB4F609C4C64}.Staging|Any CPU.Deploy.0 = Staging|Any CPU
		{1A36A6F3-2412-4F5F-9F98-9D8CF368E2AF}.Debug|Any CPU.ActiveCfg = Debug|Any CPU
		{1A36A6F3-2412-4F5F-9F98-9D8CF368E2AF}.Debug|Any CPU.Build.0 = Debug|Any CPU
		{1A36A6F3-2412-4F5F-9F98-9D8CF368E2AF}.Release|Any CPU.ActiveCfg = Release|Any CPU
		{1A36A6F3-2412-4F5F-9F98-9D8CF368E2AF}.Release|Any CPU.Build.0 = Release|Any CPU
		{1A36A6F3-2412-4F5F-9F98-9D8CF368E2AF}.Staging|Any CPU.ActiveCfg = Release|Any CPU
		{1A36A6F3-2412-4F5F-9F98-9D8CF368E2AF}.Staging|Any CPU.Build.0 = Release|Any CPU
		{B97776C8-3BD4-4215-92DD-5EC1A666966A}.Debug|Any CPU.ActiveCfg = Debug|Any CPU
		{B97776C8-3BD4-4215-92DD-5EC1A666966A}.Debug|Any CPU.Build.0 = Debug|Any CPU
		{B97776C8-3BD4-4215-92DD-5EC1A666966A}.Release|Any CPU.ActiveCfg = Release|Any CPU
		{B97776C8-3BD4-4215-92DD-5EC1A666966A}.Release|Any CPU.Build.0 = Release|Any CPU
		{B97776C8-3BD4-4215-92DD-5EC1A666966A}.Staging|Any CPU.ActiveCfg = Release|Any CPU
		{B97776C8-3BD4-4215-92DD-5EC1A666966A}.Staging|Any CPU.Build.0 = Release|Any CPU
		{4532CB58-9513-4A8D-8EE4-683085FB7B3A}.Debug|Any CPU.ActiveCfg = Debug|Any CPU
		{4532CB58-9513-4A8D-8EE4-683085FB7B3A}.Debug|Any CPU.Build.0 = Debug|Any CPU
		{4532CB58-9513-4A8D-8EE4-683085FB7B3A}.Release|Any CPU.ActiveCfg = Release|Any CPU
		{4532CB58-9513-4A8D-8EE4-683085FB7B3A}.Release|Any CPU.Build.0 = Release|Any CPU
		{4532CB58-9513-4A8D-8EE4-683085FB7B3A}.Staging|Any CPU.ActiveCfg = Release|Any CPU
		{4532CB58-9513-4A8D-8EE4-683085FB7B3A}.Staging|Any CPU.Build.0 = Release|Any CPU
	EndGlobalSection
	GlobalSection(SolutionProperties) = preSolution
		HideSolutionNode = FALSE
	EndGlobalSection
	GlobalSection(NestedProjects) = preSolution
		{A32ABEC1-CD55-410C-A0A2-E64D87DB0D0D} = {40555CB9-1B0A-47BB-B52C-EF61883815A6}
		{DC80F2BA-0748-4AEC-A052-5E3F5E8DFCC0} = {6FFA5FF2-305C-43C4-8A70-0F33714CF312}
		{17F7A5DA-E69D-4F42-809E-596D9D3B1B0B} = {40555CB9-1B0A-47BB-B52C-EF61883815A6}
		{3AD06CB4-907B-46DE-92FA-CFECF48DD840} = {40555CB9-1B0A-47BB-B52C-EF61883815A6}
		{465FC38A-9BC7-4384-B0A6-F97E1CCF80A7} = {0998310E-8CB3-49CB-90F4-4F824DCA5FF5}
		{B1D358DF-C8BD-486F-AA7E-EAA26CF0A6EC} = {0998310E-8CB3-49CB-90F4-4F824DCA5FF5}
		{67EEE478-5112-46CD-893A-1B519B86D4AD} = {4516ECA8-35AB-4669-BD17-48AFD43E78B7}
		{F6C21CA7-FB3C-4993-B6E9-78F27A1842D8} = {0998310E-8CB3-49CB-90F4-4F824DCA5FF5}
		{DF585D51-3FF1-4762-8416-341E86BFDFDF} = {40555CB9-1B0A-47BB-B52C-EF61883815A6}
		{AFDDBA98-F4FA-42B6-8DD7-A4A6E5D45FB5} = {4516ECA8-35AB-4669-BD17-48AFD43E78B7}
		{B97776C8-3BD4-4215-92DD-5EC1A666966A} = {40555CB9-1B0A-47BB-B52C-EF61883815A6}
		{4532CB58-9513-4A8D-8EE4-683085FB7B3A} = {0998310E-8CB3-49CB-90F4-4F824DCA5FF5}
	EndGlobalSection
	GlobalSection(ExtensibilityGlobals) = postSolution
		SolutionGuid = {A0C34012-327F-4BEE-A0BB-EA73FDEE46C3}
	EndGlobalSection
EndGlobal
